
Microsoft Visual Studio Solution File, Format Version 12.00
# Visual Studio Version 17
VisualStudioVersion = 17.11.35208.52
MinimumVisualStudioVersion = 10.0.40219.1
Project("{888888A0-9F3D-457C-B088-3A5042F75D52}") = "Pantalla en blanco", "Pantalla en blanco\Pantalla en blanco.pyproj", "{A75DBD41-2E5A-46B4-AF53-D6E3A8BA14FB}"
EndProject
Global
	GlobalSection(SolutionConfigurationPlatforms) = preSolution
		Debug|Any CPU = Debug|Any CPU
		Release|Any CPU = Release|Any CPU
	EndGlobalSection
	GlobalSection(ProjectConfigurationPlatforms) = postSolution
		{A75DBD41-2E5A-46B4-AF53-D6E3A8BA14FB}.Debug|Any CPU.ActiveCfg = Debug|Any CPU
		{A75DBD41-2E5A-46B4-AF53-D6E3A8BA14FB}.Release|Any CPU.ActiveCfg = Release|Any CPU
	EndGlobalSection
	GlobalSection(SolutionProperties) = preSolution
		HideSolutionNode = FALSE
	EndGlobalSection
	GlobalSection(ExtensibilityGlobals) = postSolution
		SolutionGuid = {99784560-FE91-475A-829B-4FDD19BC8B38}
	EndGlobalSection
EndGlobal
